// !$*UTF8*$!
{
	archiveVersion = 1;
	classes = {
	};
	objectVersion = 50;
	objects = {

/* Begin PBXBuildFile section */
		8E16AF9421A992C300F7DA42 /* Optinal System.swift in Sources */ = {isa = PBXBuildFile; fileRef = 8E16AF9321A992C300F7DA42 /* Optinal System.swift */; };
		8E16AF9621A993D300F7DA42 /* Exеension.swift in Sources */ = {isa = PBXBuildFile; fileRef = 8E16AF9521A993D300F7DA42 /* Exеension.swift */; };
		8E16AF9821A996E000F7DA42 /* Bit Operation.swift in Sources */ = {isa = PBXBuildFile; fileRef = 8E16AF9721A996E000F7DA42 /* Bit Operation.swift */; };
		8E16AF9A21A997FD00F7DA42 /* Protocol.swift in Sources */ = {isa = PBXBuildFile; fileRef = 8E16AF9921A997FD00F7DA42 /* Protocol.swift */; };
		8EA1996321A962C000F7DF02 /* AppDelegate.swift in Sources */ = {isa = PBXBuildFile; fileRef = 8EA1996221A962C000F7DF02 /* AppDelegate.swift */; };
		8EA1996521A962C000F7DF02 /* ViewController.swift in Sources */ = {isa = PBXBuildFile; fileRef = 8EA1996421A962C000F7DF02 /* ViewController.swift */; };
		8EA1996821A962C000F7DF02 /* Main.storyboard in Resources */ = {isa = PBXBuildFile; fileRef = 8EA1996621A962C000F7DF02 /* Main.storyboard */; };
		8EA1996A21A962C200F7DF02 /* Assets.xcassets in Resources */ = {isa = PBXBuildFile; fileRef = 8EA1996921A962C200F7DF02 /* Assets.xcassets */; };
		8EA1996D21A962C200F7DF02 /* LaunchScreen.storyboard in Resources */ = {isa = PBXBuildFile; fileRef = 8EA1996B21A962C200F7DF02 /* LaunchScreen.storyboard */; };
		8EA1997821A9651D00F7DF02 /* Basics.swift in Sources */ = {isa = PBXBuildFile; fileRef = 8EA1997721A9651D00F7DF02 /* Basics.swift */; };
		8EA1997A21A9673400F7DF02 /* BaseType.swift in Sources */ = {isa = PBXBuildFile; fileRef = 8EA1997921A9673400F7DF02 /* BaseType.swift */; };
		8EA1997C21A9686D00F7DF02 /* Tuples.swift in Sources */ = {isa = PBXBuildFile; fileRef = 8EA1997B21A9686D00F7DF02 /* Tuples.swift */; };
		8EA1997E21A9795100F7DF02 /* Optional.swift in Sources */ = {isa = PBXBuildFile; fileRef = 8EA1997D21A9795100F7DF02 /* Optional.swift */; };
		8EA1998021A97BA100F7DF02 /* Operation.swift in Sources */ = {isa = PBXBuildFile; fileRef = 8EA1997F21A97BA100F7DF02 /* Operation.swift */; };
		8EA1998221A97C6500F7DF02 /* String.swift in Sources */ = {isa = PBXBuildFile; fileRef = 8EA1998121A97C6500F7DF02 /* String.swift */; };
		8EA1998421A97D6900F7DF02 /* Array.swift in Sources */ = {isa = PBXBuildFile; fileRef = 8EA1998321A97D6900F7DF02 /* Array.swift */; };
		8EA1998621A97EBE00F7DF02 /* Dictionary.swift in Sources */ = {isa = PBXBuildFile; fileRef = 8EA1998521A97EBE00F7DF02 /* Dictionary.swift */; };
		8EA1998821A9805300F7DF02 /* Switch.swift in Sources */ = {isa = PBXBuildFile; fileRef = 8EA1998721A9805300F7DF02 /* Switch.swift */; };
		8EA1998A21A9814600F7DF02 /* Function.swift in Sources */ = {isa = PBXBuildFile; fileRef = 8EA1998921A9814600F7DF02 /* Function.swift */; };
		8EA1998C21A9826800F7DF02 /* Clouser.swift in Sources */ = {isa = PBXBuildFile; fileRef = 8EA1998B21A9826800F7DF02 /* Clouser.swift */; };
		8EA1998E21A9848600F7DF02 /* Enum.swift in Sources */ = {isa = PBXBuildFile; fileRef = 8EA1998D21A9848600F7DF02 /* Enum.swift */; };
		8EA1999021A9854700F7DF02 /* Class and Struct.swift in Sources */ = {isa = PBXBuildFile; fileRef = 8EA1998F21A9854700F7DF02 /* Class and Struct.swift */; };
		8EA1999221A987B400F7DF02 /* Property.swift in Sources */ = {isa = PBXBuildFile; fileRef = 8EA1999121A987B400F7DF02 /* Property.swift */; };
		8EA1999421A988DA00F7DF02 /* PropertyType.swift in Sources */ = {isa = PBXBuildFile; fileRef = 8EA1999321A988DA00F7DF02 /* PropertyType.swift */; };
		8EA1999621A9899B00F7DF02 /* Methods.swift in Sources */ = {isa = PBXBuildFile; fileRef = 8EA1999521A9899B00F7DF02 /* Methods.swift */; };
		8EA1999821A98A1F00F7DF02 /* Subckribte.swift in Sources */ = {isa = PBXBuildFile; fileRef = 8EA1999721A98A1F00F7DF02 /* Subckribte.swift */; };
		8EA1999A21A98C4D00F7DF02 /* Intheletis.swift in Sources */ = {isa = PBXBuildFile; fileRef = 8EA1999921A98C4D00F7DF02 /* Intheletis.swift */; };
		8EA1999C21A98D1600F7DF02 /* Inicilazing1.swift in Sources */ = {isa = PBXBuildFile; fileRef = 8EA1999B21A98D1600F7DF02 /* Inicilazing1.swift */; };
		8EA1999E21A98DFB00F7DF02 /* Inicilazing2.swift in Sources */ = {isa = PBXBuildFile; fileRef = 8EA1999D21A98DFB00F7DF02 /* Inicilazing2.swift */; };
		8EA199A021A98ED100F7DF02 /* inicilazing3.swift in Sources */ = {isa = PBXBuildFile; fileRef = 8EA1999F21A98ED100F7DF02 /* inicilazing3.swift */; };
		8EA199A221A98F6E00F7DF02 /* ARC.swift in Sources */ = {isa = PBXBuildFile; fileRef = 8EA199A121A98F6E00F7DF02 /* ARC.swift */; };
/* End PBXBuildFile section */

/* Begin PBXFileReference section */
		8E16AF9321A992C300F7DA42 /* Optinal System.swift */ = {isa = PBXFileReference; lastKnownFileType = sourcecode.swift; path = "Optinal System.swift"; sourceTree = "<group>"; };
		8E16AF9521A993D300F7DA42 /* Exеension.swift */ = {isa = PBXFileReference; lastKnownFileType = sourcecode.swift; path = "Exеension.swift"; sourceTree = "<group>"; };
		8E16AF9721A996E000F7DA42 /* Bit Operation.swift */ = {isa = PBXFileReference; lastKnownFileType = sourcecode.swift; path = "Bit Operation.swift"; sourceTree = "<group>"; };
		8E16AF9921A997FD00F7DA42 /* Protocol.swift */ = {isa = PBXFileReference; lastKnownFileType = sourcecode.swift; path = Protocol.swift; sourceTree = "<group>"; };
		8EA1995F21A962C000F7DF02 /* likbez-skutarenko.app */ = {isa = PBXFileReference; explicitFileType = wrapper.application; includeInIndex = 0; path = "likbez-skutarenko.app"; sourceTree = BUILT_PRODUCTS_DIR; };
		8EA1996221A962C000F7DF02 /* AppDelegate.swift */ = {isa = PBXFileReference; lastKnownFileType = sourcecode.swift; path = AppDelegate.swift; sourceTree = "<group>"; };
		8EA1996421A962C000F7DF02 /* ViewController.swift */ = {isa = PBXFileReference; lastKnownFileType = sourcecode.swift; path = ViewController.swift; sourceTree = "<group>"; };
		8EA1996721A962C000F7DF02 /* Base */ = {isa = PBXFileReference; lastKnownFileType = file.storyboard; name = Base; path = Base.lproj/Main.storyboard; sourceTree = "<group>"; };
		8EA1996921A962C200F7DF02 /* Assets.xcassets */ = {isa = PBXFileReference; lastKnownFileType = folder.assetcatalog; path = Assets.xcassets; sourceTree = "<group>"; };
		8EA1996C21A962C200F7DF02 /* Base */ = {isa = PBXFileReference; lastKnownFileType = file.storyboard; name = Base; path = Base.lproj/LaunchScreen.storyboard; sourceTree = "<group>"; };
		8EA1996E21A962C200F7DF02 /* Info.plist */ = {isa = PBXFileReference; lastKnownFileType = text.plist.xml; path = Info.plist; sourceTree = "<group>"; };
		8EA1997721A9651D00F7DF02 /* Basics.swift */ = {isa = PBXFileReference; lastKnownFileType = sourcecode.swift; path = Basics.swift; sourceTree = "<group>"; };
		8EA1997921A9673400F7DF02 /* BaseType.swift */ = {isa = PBXFileReference; lastKnownFileType = sourcecode.swift; path = BaseType.swift; sourceTree = "<group>"; };
		8EA1997B21A9686D00F7DF02 /* Tuples.swift */ = {isa = PBXFileReference; lastKnownFileType = sourcecode.swift; path = Tuples.swift; sourceTree = "<group>"; };
		8EA1997D21A9795100F7DF02 /* Optional.swift */ = {isa = PBXFileReference; lastKnownFileType = sourcecode.swift; path = Optional.swift; sourceTree = "<group>"; };
		8EA1997F21A97BA100F7DF02 /* Operation.swift */ = {isa = PBXFileReference; lastKnownFileType = sourcecode.swift; path = Operation.swift; sourceTree = "<group>"; };
		8EA1998121A97C6500F7DF02 /* String.swift */ = {isa = PBXFileReference; lastKnownFileType = sourcecode.swift; path = String.swift; sourceTree = "<group>"; };
		8EA1998321A97D6900F7DF02 /* Array.swift */ = {isa = PBXFileReference; lastKnownFileType = sourcecode.swift; path = Array.swift; sourceTree = "<group>"; };
		8EA1998521A97EBE00F7DF02 /* Dictionary.swift */ = {isa = PBXFileReference; lastKnownFileType = sourcecode.swift; path = Dictionary.swift; sourceTree = "<group>"; };
		8EA1998721A9805300F7DF02 /* Switch.swift */ = {isa = PBXFileReference; lastKnownFileType = sourcecode.swift; path = Switch.swift; sourceTree = "<group>"; };
		8EA1998921A9814600F7DF02 /* Function.swift */ = {isa = PBXFileReference; lastKnownFileType = sourcecode.swift; path = Function.swift; sourceTree = "<group>"; };
		8EA1998B21A9826800F7DF02 /* Clouser.swift */ = {isa = PBXFileReference; lastKnownFileType = sourcecode.swift; path = Clouser.swift; sourceTree = "<group>"; };
		8EA1998D21A9848600F7DF02 /* Enum.swift */ = {isa = PBXFileReference; lastKnownFileType = sourcecode.swift; path = Enum.swift; sourceTree = "<group>"; };
		8EA1998F21A9854700F7DF02 /* Class and Struct.swift */ = {isa = PBXFileReference; lastKnownFileType = sourcecode.swift; path = "Class and Struct.swift"; sourceTree = "<group>"; };
		8EA1999121A987B400F7DF02 /* Property.swift */ = {isa = PBXFileReference; lastKnownFileType = sourcecode.swift; path = Property.swift; sourceTree = "<group>"; };
		8EA1999321A988DA00F7DF02 /* PropertyType.swift */ = {isa = PBXFileReference; lastKnownFileType = sourcecode.swift; path = PropertyType.swift; sourceTree = "<group>"; };
		8EA1999521A9899B00F7DF02 /* Methods.swift */ = {isa = PBXFileReference; lastKnownFileType = sourcecode.swift; path = Methods.swift; sourceTree = "<group>"; };
		8EA1999721A98A1F00F7DF02 /* Subckribte.swift */ = {isa = PBXFileReference; lastKnownFileType = sourcecode.swift; path = Subckribte.swift; sourceTree = "<group>"; };
		8EA1999921A98C4D00F7DF02 /* Intheletis.swift */ = {isa = PBXFileReference; lastKnownFileType = sourcecode.swift; path = Intheletis.swift; sourceTree = "<group>"; };
		8EA1999B21A98D1600F7DF02 /* Inicilazing1.swift */ = {isa = PBXFileReference; lastKnownFileType = sourcecode.swift; path = Inicilazing1.swift; sourceTree = "<group>"; };
		8EA1999D21A98DFB00F7DF02 /* Inicilazing2.swift */ = {isa = PBXFileReference; lastKnownFileType = sourcecode.swift; path = Inicilazing2.swift; sourceTree = "<group>"; };
		8EA1999F21A98ED100F7DF02 /* inicilazing3.swift */ = {isa = PBXFileReference; lastKnownFileType = sourcecode.swift; path = inicilazing3.swift; sourceTree = "<group>"; };
		8EA199A121A98F6E00F7DF02 /* ARC.swift */ = {isa = PBXFileReference; lastKnownFileType = sourcecode.swift; path = ARC.swift; sourceTree = "<group>"; };
/* End PBXFileReference section */

/* Begin PBXFrameworksBuildPhase section */
		8EA1995C21A962C000F7DF02 /* Frameworks */ = {
			isa = PBXFrameworksBuildPhase;
			buildActionMask = 2147483647;
			files = (
			);
			runOnlyForDeploymentPostprocessing = 0;
		};
/* End PBXFrameworksBuildPhase section */

/* Begin PBXGroup section */
		8EA1995621A962C000F7DF02 = {
			isa = PBXGroup;
			children = (
				8EA1996121A962C000F7DF02 /* likbez-skutarenko */,
				8EA1996021A962C000F7DF02 /* Products */,
			);
			sourceTree = "<group>";
		};
		8EA1996021A962C000F7DF02 /* Products */ = {
			isa = PBXGroup;
			children = (
				8EA1995F21A962C000F7DF02 /* likbez-skutarenko.app */,
			);
			name = Products;
			sourceTree = "<group>";
		};
		8EA1996121A962C000F7DF02 /* likbez-skutarenko */ = {
			isa = PBXGroup;
			children = (
				8EA1996221A962C000F7DF02 /* AppDelegate.swift */,
				8EA1996421A962C000F7DF02 /* ViewController.swift */,
				8EA1997621A963D200F7DF02 /* Topics */,
				8EA1997521A962E300F7DF02 /* Resources */,
			);
			path = "likbez-skutarenko";
			sourceTree = "<group>";
		};
		8EA1997521A962E300F7DF02 /* Resources */ = {
			isa = PBXGroup;
			children = (
				8EA1996621A962C000F7DF02 /* Main.storyboard */,
				8EA1996921A962C200F7DF02 /* Assets.xcassets */,
				8EA1996B21A962C200F7DF02 /* LaunchScreen.storyboard */,
				8EA1996E21A962C200F7DF02 /* Info.plist */,
			);
			path = Resources;
			sourceTree = "<group>";
		};
		8EA1997621A963D200F7DF02 /* Topics */ = {
			isa = PBXGroup;
			children = (
				8EA1997721A9651D00F7DF02 /* Basics.swift */,
				8EA1997921A9673400F7DF02 /* BaseType.swift */,
				8EA1997B21A9686D00F7DF02 /* Tuples.swift */,
				8EA1997D21A9795100F7DF02 /* Optional.swift */,
				8EA1997F21A97BA100F7DF02 /* Operation.swift */,
				8EA1998121A97C6500F7DF02 /* String.swift */,
				8EA1998321A97D6900F7DF02 /* Array.swift */,
				8EA1998521A97EBE00F7DF02 /* Dictionary.swift */,
				8EA1998721A9805300F7DF02 /* Switch.swift */,
				8EA1998921A9814600F7DF02 /* Function.swift */,
				8EA1998B21A9826800F7DF02 /* Clouser.swift */,
				8EA1998D21A9848600F7DF02 /* Enum.swift */,
				8EA1998F21A9854700F7DF02 /* Class and Struct.swift */,
				8EA1999121A987B400F7DF02 /* Property.swift */,
				8EA1999321A988DA00F7DF02 /* PropertyType.swift */,
				8EA1999521A9899B00F7DF02 /* Methods.swift */,
				8EA1999721A98A1F00F7DF02 /* Subckribte.swift */,
				8EA1999921A98C4D00F7DF02 /* Intheletis.swift */,
				8EA1999B21A98D1600F7DF02 /* Inicilazing1.swift */,
				8EA1999D21A98DFB00F7DF02 /* Inicilazing2.swift */,
				8EA1999F21A98ED100F7DF02 /* inicilazing3.swift */,
				8EA199A121A98F6E00F7DF02 /* ARC.swift */,
				8E16AF9321A992C300F7DA42 /* Optinal System.swift */,
				8E16AF9521A993D300F7DA42 /* Exеension.swift */,
				8E16AF9721A996E000F7DA42 /* Bit Operation.swift */,
				8E16AF9921A997FD00F7DA42 /* Protocol.swift */,
			);
			path = Topics;
			sourceTree = "<group>";
		};
/* End PBXGroup section */

/* Begin PBXNativeTarget section */
		8EA1995E21A962C000F7DF02 /* likbez-skutarenko */ = {
			isa = PBXNativeTarget;
			buildConfigurationList = 8EA1997121A962C200F7DF02 /* Build configuration list for PBXNativeTarget "likbez-skutarenko" */;
			buildPhases = (
				8EA1995B21A962C000F7DF02 /* Sources */,
				8EA1995C21A962C000F7DF02 /* Frameworks */,
				8EA1995D21A962C000F7DF02 /* Resources */,
			);
			buildRules = (
			);
			dependencies = (
			);
			name = "likbez-skutarenko";
			productName = "likbez-skutarenko";
			productReference = 8EA1995F21A962C000F7DF02 /* likbez-skutarenko.app */;
			productType = "com.apple.product-type.application";
		};
/* End PBXNativeTarget section */

/* Begin PBXProject section */
		8EA1995721A962C000F7DF02 /* Project object */ = {
			isa = PBXProject;
			attributes = {
				LastSwiftUpdateCheck = 1000;
				LastUpgradeCheck = 1000;
				ORGANIZATIONNAME = Arthur;
				TargetAttributes = {
					8EA1995E21A962C000F7DF02 = {
						CreatedOnToolsVersion = 10.0;
					};
				};
			};
			buildConfigurationList = 8EA1995A21A962C000F7DF02 /* Build configuration list for PBXProject "likbez-skutarenko" */;
			compatibilityVersion = "Xcode 9.3";
			developmentRegion = en;
			hasScannedForEncodings = 0;
			knownRegions = (
				en,
				Base,
			);
			mainGroup = 8EA1995621A962C000F7DF02;
			productRefGroup = 8EA1996021A962C000F7DF02 /* Products */;
			projectDirPath = "";
			projectRoot = "";
			targets = (
				8EA1995E21A962C000F7DF02 /* likbez-skutarenko */,
			);
		};
/* End PBXProject section */

/* Begin PBXResourcesBuildPhase section */
		8EA1995D21A962C000F7DF02 /* Resources */ = {
			isa = PBXResourcesBuildPhase;
			buildActionMask = 2147483647;
			files = (
				8EA1996D21A962C200F7DF02 /* LaunchScreen.storyboard in Resources */,
				8EA1996A21A962C200F7DF02 /* Assets.xcassets in Resources */,
				8EA1996821A962C000F7DF02 /* Main.storyboard in Resources */,
			);
			runOnlyForDeploymentPostprocessing = 0;
		};
/* End PBXResourcesBuildPhase section */

/* Begin PBXSourcesBuildPhase section */
		8EA1995B21A962C000F7DF02 /* Sources */ = {
			isa = PBXSourcesBuildPhase;
			buildActionMask = 2147483647;
			files = (
				8E16AF9821A996E000F7DA42 /* Bit Operation.swift in Sources */,
				8E16AF9421A992C300F7DA42 /* Optinal System.swift in Sources */,
				8EA1999021A9854700F7DF02 /* Class and Struct.swift in Sources */,
				8EA1997821A9651D00F7DF02 /* Basics.swift in Sources */,
				8E16AF9A21A997FD00F7DA42 /* Protocol.swift in Sources */,
				8EA1999E21A98DFB00F7DF02 /* Inicilazing2.swift in Sources */,
				8EA1999221A987B400F7DF02 /* Property.swift in Sources */,
				8EA1996521A962C000F7DF02 /* ViewController.swift in Sources */,
				8EA1998021A97BA100F7DF02 /* Operation.swift in Sources */,
				8EA1998A21A9814600F7DF02 /* Function.swift in Sources */,
				8EA1998E21A9848600F7DF02 /* Enum.swift in Sources */,
				8EA199A021A98ED100F7DF02 /* inicilazing3.swift in Sources */,
				8EA1998821A9805300F7DF02 /* Switch.swift in Sources */,
				8EA1998421A97D6900F7DF02 /* Array.swift in Sources */,
				8EA1997A21A9673400F7DF02 /* BaseType.swift in Sources */,
				8EA1999821A98A1F00F7DF02 /* Subckribte.swift in Sources */,
				8EA1999621A9899B00F7DF02 /* Methods.swift in Sources */,
				8EA1999A21A98C4D00F7DF02 /* Intheletis.swift in Sources */,
				8EA1997E21A9795100F7DF02 /* Optional.swift in Sources */,
				8EA1996321A962C000F7DF02 /* AppDelegate.swift in Sources */,
				8EA1999C21A98D1600F7DF02 /* Inicilazing1.swift in Sources */,
				8EA199A221A98F6E00F7DF02 /* ARC.swift in Sources */,
				8EA1998C21A9826800F7DF02 /* Clouser.swift in Sources */,
				8EA1998621A97EBE00F7DF02 /* Dictionary.swift in Sources */,
				8EA1998221A97C6500F7DF02 /* String.swift in Sources */,
				8E16AF9621A993D300F7DA42 /* Exеension.swift in Sources */,
				8EA1997C21A9686D00F7DF02 /* Tuples.swift in Sources */,
				8EA1999421A988DA00F7DF02 /* PropertyType.swift in Sources */,
			);
			runOnlyForDeploymentPostprocessing = 0;
		};
/* End PBXSourcesBuildPhase section */

/* Begin PBXVariantGroup section */
		8EA1996621A962C000F7DF02 /* Main.storyboard */ = {
			isa = PBXVariantGroup;
			children = (
				8EA1996721A962C000F7DF02 /* Base */,
			);
			name = Main.storyboard;
			sourceTree = "<group>";
		};
		8EA1996B21A962C200F7DF02 /* LaunchScreen.storyboard */ = {
			isa = PBXVariantGroup;
			children = (
				8EA1996C21A962C200F7DF02 /* Base */,
			);
			name = LaunchScreen.storyboard;
			sourceTree = "<group>";
		};
/* End PBXVariantGroup section */

/* Begin XCBuildConfiguration section */
		8EA1996F21A962C200F7DF02 /* Debug */ = {
			isa = XCBuildConfiguration;
			buildSettings = {
				ALWAYS_SEARCH_USER_PATHS = NO;
				CLANG_ANALYZER_NONNULL = YES;
				CLANG_ANALYZER_NUMBER_OBJECT_CONVERSION = YES_AGGRESSIVE;
				CLANG_CXX_LANGUAGE_STANDARD = "gnu++14";
				CLANG_CXX_LIBRARY = "libc++";
				CLANG_ENABLE_MODULES = YES;
				CLANG_ENABLE_OBJC_ARC = YES;
				CLANG_ENABLE_OBJC_WEAK = YES;
				CLANG_WARN_BLOCK_CAPTURE_AUTORELEASING = YES;
				CLANG_WARN_BOOL_CONVERSION = YES;
				CLANG_WARN_COMMA = YES;
				CLANG_WARN_CONSTANT_CONVERSION = YES;
				CLANG_WARN_DEPRECATED_OBJC_IMPLEMENTATIONS = YES;
				CLANG_WARN_DIRECT_OBJC_ISA_USAGE = YES_ERROR;
				CLANG_WARN_DOCUMENTATION_COMMENTS = YES;
				CLANG_WARN_EMPTY_BODY = YES;
				CLANG_WARN_ENUM_CONVERSION = YES;
				CLANG_WARN_INFINITE_RECURSION = YES;
				CLANG_WARN_INT_CONVERSION = YES;
				CLANG_WARN_NON_LITERAL_NULL_CONVERSION = YES;
				CLANG_WARN_OBJC_IMPLICIT_RETAIN_SELF = YES;
				CLANG_WARN_OBJC_LITERAL_CONVERSION = YES;
				CLANG_WARN_OBJC_ROOT_CLASS = YES_ERROR;
				CLANG_WARN_RANGE_LOOP_ANALYSIS = YES;
				CLANG_WARN_STRICT_PROTOTYPES = YES;
				CLANG_WARN_SUSPICIOUS_MOVE = YES;
				CLANG_WARN_UNGUARDED_AVAILABILITY = YES_AGGRESSIVE;
				CLANG_WARN_UNREACHABLE_CODE = YES;
				CLANG_WARN__DUPLICATE_METHOD_MATCH = YES;
				CODE_SIGN_IDENTITY = "iPhone Developer";
				COPY_PHASE_STRIP = NO;
				DEBUG_INFORMATION_FORMAT = dwarf;
				ENABLE_STRICT_OBJC_MSGSEND = YES;
				ENABLE_TESTABILITY = YES;
				GCC_C_LANGUAGE_STANDARD = gnu11;
				GCC_DYNAMIC_NO_PIC = NO;
				GCC_NO_COMMON_BLOCKS = YES;
				GCC_OPTIMIZATION_LEVEL = 0;
				GCC_PREPROCESSOR_DEFINITIONS = (
					"DEBUG=1",
					"$(inherited)",
				);
				GCC_WARN_64_TO_32_BIT_CONVERSION = YES;
				GCC_WARN_ABOUT_RETURN_TYPE = YES_ERROR;
				GCC_WARN_UNDECLARED_SELECTOR = YES;
				GCC_WARN_UNINITIALIZED_AUTOS = YES_AGGRESSIVE;
				GCC_WARN_UNUSED_FUNCTION = YES;
				GCC_WARN_UNUSED_VARIABLE = YES;
				IPHONEOS_DEPLOYMENT_TARGET = 12.0;
				MTL_ENABLE_DEBUG_INFO = INCLUDE_SOURCE;
				MTL_FAST_MATH = YES;
				ONLY_ACTIVE_ARCH = YES;
				SDKROOT = iphoneos;
				SWIFT_ACTIVE_COMPILATION_CONDITIONS = DEBUG;
				SWIFT_OPTIMIZATION_LEVEL = "-Onone";
			};
			name = Debug;
		};
		8EA1997021A962C200F7DF02 /* Release */ = {
			isa = XCBuildConfiguration;
			buildSettings = {
				ALWAYS_SEARCH_USER_PATHS = NO;
				CLANG_ANALYZER_NONNULL = YES;
				CLANG_ANALYZER_NUMBER_OBJECT_CONVERSION = YES_AGGRESSIVE;
				CLANG_CXX_LANGUAGE_STANDARD = "gnu++14";
				CLANG_CXX_LIBRARY = "libc++";
				CLANG_ENABLE_MODULES = YES;
				CLANG_ENABLE_OBJC_ARC = YES;
				CLANG_ENABLE_OBJC_WEAK = YES;
				CLANG_WARN_BLOCK_CAPTURE_AUTORELEASING = YES;
				CLANG_WARN_BOOL_CONVERSION = YES;
				CLANG_WARN_COMMA = YES;
				CLANG_WARN_CONSTANT_CONVERSION = YES;
				CLANG_WARN_DEPRECATED_OBJC_IMPLEMENTATIONS = YES;
				CLANG_WARN_DIRECT_OBJC_ISA_USAGE = YES_ERROR;
				CLANG_WARN_DOCUMENTATION_COMMENTS = YES;
				CLANG_WARN_EMPTY_BODY = YES;
				CLANG_WARN_ENUM_CONVERSION = YES;
				CLANG_WARN_INFINITE_RECURSION = YES;
				CLANG_WARN_INT_CONVERSION = YES;
				CLANG_WARN_NON_LITERAL_NULL_CONVERSION = YES;
				CLANG_WARN_OBJC_IMPLICIT_RETAIN_SELF = YES;
				CLANG_WARN_OBJC_LITERAL_CONVERSION = YES;
				CLANG_WARN_OBJC_ROOT_CLASS = YES_ERROR;
				CLANG_WARN_RANGE_LOOP_ANALYSIS = YES;
				CLANG_WARN_STRICT_PROTOTYPES = YES;
				CLANG_WARN_SUSPICIOUS_MOVE = YES;
				CLANG_WARN_UNGUARDED_AVAILABILITY = YES_AGGRESSIVE;
				CLANG_WARN_UNREACHABLE_CODE = YES;
				CLANG_WARN__DUPLICATE_METHOD_MATCH = YES;
				CODE_SIGN_IDENTITY = "iPhone Developer";
				COPY_PHASE_STRIP = NO;
				DEBUG_INFORMATION_FORMAT = "dwarf-with-dsym";
				ENABLE_NS_ASSERTIONS = NO;
				ENABLE_STRICT_OBJC_MSGSEND = YES;
				GCC_C_LANGUAGE_STANDARD = gnu11;
				GCC_NO_COMMON_BLOCKS = YES;
				GCC_WARN_64_TO_32_BIT_CONVERSION = YES;
				GCC_WARN_ABOUT_RETURN_TYPE = YES_ERROR;
				GCC_WARN_UNDECLARED_SELECTOR = YES;
				GCC_WARN_UNINITIALIZED_AUTOS = YES_AGGRESSIVE;
				GCC_WARN_UNUSED_FUNCTION = YES;
				GCC_WARN_UNUSED_VARIABLE = YES;
				IPHONEOS_DEPLOYMENT_TARGET = 12.0;
				MTL_ENABLE_DEBUG_INFO = NO;
				MTL_FAST_MATH = YES;
				SDKROOT = iphoneos;
				SWIFT_COMPILATION_MODE = wholemodule;
				SWIFT_OPTIMIZATION_LEVEL = "-O";
				VALIDATE_PRODUCT = YES;
			};
			name = Release;
		};
		8EA1997221A962C200F7DF02 /* Debug */ = {
			isa = XCBuildConfiguration;
			buildSettings = {
				ASSETCATALOG_COMPILER_APPICON_NAME = AppIcon;
				CODE_SIGN_STYLE = Automatic;
				INFOPLIST_FILE = "likbez-skutarenko/Resources/Info.plist";
				LD_RUNPATH_SEARCH_PATHS = (
					"$(inherited)",
					"@executable_path/Frameworks",
				);
				PRODUCT_BUNDLE_IDENTIFIER = "com.bairamov.likbez-skutarenko";
				PRODUCT_NAME = "$(TARGET_NAME)";
				SWIFT_VERSION = 4.2;
				TARGETED_DEVICE_FAMILY = "1,2";
			};
			name = Debug;
		};
		8EA1997321A962C200F7DF02 /* Release */ = {
			isa = XCBuildConfiguration;
			buildSettings = {
				ASSETCATALOG_COMPILER_APPICON_NAME = AppIcon;
				CODE_SIGN_STYLE = Automatic;
				INFOPLIST_FILE = "likbez-skutarenko/Resources/Info.plist";
				LD_RUNPATH_SEARCH_PATHS = (
					"$(inherited)",
					"@executable_path/Frameworks",
				);
				PRODUCT_BUNDLE_IDENTIFIER = "com.bairamov.likbez-skutarenko";
				PRODUCT_NAME = "$(TARGET_NAME)";
				SWIFT_VERSION = 4.2;
				TARGETED_DEVICE_FAMILY = "1,2";
			};
			name = Release;
		};
/* End XCBuildConfiguration section */

/* Begin XCConfigurationList section */
		8EA1995A21A962C000F7DF02 /* Build configuration list for PBXProject "likbez-skutarenko" */ = {
			isa = XCConfigurationList;
			buildConfigurations = (
				8EA1996F21A962C200F7DF02 /* Debug */,
				8EA1997021A962C200F7DF02 /* Release */,
			);
			defaultConfigurationIsVisible = 0;
			defaultConfigurationName = Release;
		};
		8EA1997121A962C200F7DF02 /* Build configuration list for PBXNativeTarget "likbez-skutarenko" */ = {
			isa = XCConfigurationList;
			buildConfigurations = (
				8EA1997221A962C200F7DF02 /* Debug */,
				8EA1997321A962C200F7DF02 /* Release */,
			);
			defaultConfigurationIsVisible = 0;
			defaultConfigurationName = Release;
		};
/* End XCConfigurationList section */
	};
	rootObject = 8EA1995721A962C000F7DF02 /* Project object */;
}
